
Microsoft Visual Studio Solution File, Format Version 12.00
# Visual Studio Version 16
VisualStudioVersion = 16.0.31911.196
MinimumVisualStudioVersion = 10.0.40219.1
Project("{FAE04EC0-301F-11D3-BF4B-00C04F79EFBC}") = "CoreWebApiSample", "CoreWebApiSample\CoreWebApiSample.csproj", "{C0F17C06-8BF5-4F6F-BED9-1A82A1732C7E}"
EndProject
Global
	GlobalSection(SolutionConfigurationPlatforms) = preSolution
		Debug|Any CPU = Debug|Any CPU
		Release|Any CPU = Release|Any CPU
	EndGlobalSection
	GlobalSection(ProjectConfigurationPlatforms) = postSolution
		{C0F17C06-8BF5-4F6F-BED9-1A82A1732C7E}.Debug|Any CPU.ActiveCfg = Debug|Any CPU
		{C0F17C06-8BF5-4F6F-BED9-1A82A1732C7E}.Debug|Any CPU.Build.0 = Debug|Any CPU
		{C0F17C06-8BF5-4F6F-BED9-1A82A1732C7E}.Release|Any CPU.ActiveCfg = Release|Any CPU
		{C0F17C06-8BF5-4F6F-BED9-1A82A1732C7E}.Release|Any CPU.Build.0 = Release|Any CPU
	EndGlobalSection
	GlobalSection(SolutionProperties) = preSolution
		HideSolutionNode = FALSE
	EndGlobalSection
	GlobalSection(ExtensibilityGlobals) = postSolution
		SolutionGuid = {6CEDA3CA-8E07-4157-B0EC-9B2EB1564359}
	EndGlobalSection
EndGlobal
